// !$*UTF8*$!
{
	archiveVersion = 1;
	classes = {
	};
	objectVersion = 50;
	objects = {

/* Begin PBXBuildFile section */
		2498F8670816638FA3054844 /* Pods_Bronco_Books.framework in Frameworks */ = {isa = PBXBuildFile; fileRef = 28EDC7B2538FB75816F2FF5D /* Pods_Bronco_Books.framework */; };
		2AE217FAA8A55588BB0FEA37 /* Pods_Bronco_BooksUITests.framework in Frameworks */ = {isa = PBXBuildFile; fileRef = E2502BA2D16184C1202999B2 /* Pods_Bronco_BooksUITests.framework */; };
		651B773E21FB858700EDC29C /* ProfileViewController.swift in Sources */ = {isa = PBXBuildFile; fileRef = 651B773D21FB858700EDC29C /* ProfileViewController.swift */; };
		6543DCE921FA8FCA00AC4A9B /* StartSellViewController.swift in Sources */ = {isa = PBXBuildFile; fileRef = 6543DCE821FA8FCA00AC4A9B /* StartSellViewController.swift */; };
		6543DCEB21FA90FA00AC4A9B /* SellFieldsViewController.swift in Sources */ = {isa = PBXBuildFile; fileRef = 6543DCEA21FA90FA00AC4A9B /* SellFieldsViewController.swift */; };
		65468E222206984A00E32F71 /* Constants.swift in Sources */ = {isa = PBXBuildFile; fileRef = 65468E212206984A00E32F71 /* Constants.swift */; };
		6558CD1621FA6AB300AF2ABF /* AppDelegate.swift in Sources */ = {isa = PBXBuildFile; fileRef = 6558CD1521FA6AB300AF2ABF /* AppDelegate.swift */; };
		6558CD1B21FA6AB300AF2ABF /* Main.storyboard in Resources */ = {isa = PBXBuildFile; fileRef = 6558CD1921FA6AB300AF2ABF /* Main.storyboard */; };
		6558CD1E21FA6AB300AF2ABF /* Bronco_Books.xcdatamodeld in Sources */ = {isa = PBXBuildFile; fileRef = 6558CD1C21FA6AB300AF2ABF /* Bronco_Books.xcdatamodeld */; };
		6558CD2021FA6AB400AF2ABF /* Assets.xcassets in Resources */ = {isa = PBXBuildFile; fileRef = 6558CD1F21FA6AB400AF2ABF /* Assets.xcassets */; };
		6558CD2321FA6AB400AF2ABF /* LaunchScreen.storyboard in Resources */ = {isa = PBXBuildFile; fileRef = 6558CD2121FA6AB400AF2ABF /* LaunchScreen.storyboard */; };
		6558CD2E21FA6AB400AF2ABF /* Bronco_BooksTests.swift in Sources */ = {isa = PBXBuildFile; fileRef = 6558CD2D21FA6AB400AF2ABF /* Bronco_BooksTests.swift */; };
		6558CD3921FA6AB400AF2ABF /* Bronco_BooksUITests.swift in Sources */ = {isa = PBXBuildFile; fileRef = 6558CD3821FA6AB400AF2ABF /* Bronco_BooksUITests.swift */; };
		6558CD4721FA6BD000AF2ABF /* LoginViewController.swift in Sources */ = {isa = PBXBuildFile; fileRef = 6558CD4621FA6BD000AF2ABF /* LoginViewController.swift */; };
		6558CD4921FA7C9500AF2ABF /* ListingTableViewCell.swift in Sources */ = {isa = PBXBuildFile; fileRef = 6558CD4821FA7C9500AF2ABF /* ListingTableViewCell.swift */; };
		6558CD4B21FA7CAB00AF2ABF /* ListingsViewController.swift in Sources */ = {isa = PBXBuildFile; fileRef = 6558CD4A21FA7CAB00AF2ABF /* ListingsViewController.swift */; };
		6558CD4D21FA804700AF2ABF /* ListingDetailViewController.swift in Sources */ = {isa = PBXBuildFile; fileRef = 6558CD4C21FA804700AF2ABF /* ListingDetailViewController.swift */; };
		65789ED82203B47000FDF809 /* GoogleService-Info.plist in Resources */ = {isa = PBXBuildFile; fileRef = 65789ED72203B47000FDF809 /* GoogleService-Info.plist */; };
		65789ED92203B47000FDF809 /* GoogleService-Info.plist in Resources */ = {isa = PBXBuildFile; fileRef = 65789ED72203B47000FDF809 /* GoogleService-Info.plist */; };
		65789EDA2203B47000FDF809 /* GoogleService-Info.plist in Resources */ = {isa = PBXBuildFile; fileRef = 65789ED72203B47000FDF809 /* GoogleService-Info.plist */; };
		65B6CCAA2203CA0D005F5616 /* Listing.swift in Sources */ = {isa = PBXBuildFile; fileRef = 65B6CCA92203CA0D005F5616 /* Listing.swift */; };
		65B6CCAC2203D8E3005F5616 /* Textbook.swift in Sources */ = {isa = PBXBuildFile; fileRef = 65B6CCAB2203D8E3005F5616 /* Textbook.swift */; };
		65D5DBFC2215EECD00DC7444 /* ScanBarcodeViewController.swift in Sources */ = {isa = PBXBuildFile; fileRef = 65D5DBFB2215EECD00DC7444 /* ScanBarcodeViewController.swift */; };
		65D5DBFE2216274200DC7444 /* MLKit.swift in Sources */ = {isa = PBXBuildFile; fileRef = 65D5DBFD2216274200DC7444 /* MLKit.swift */; };
		65E67D7722079F5100B751B7 /* User.swift in Sources */ = {isa = PBXBuildFile; fileRef = 65E67D7622079F5100B751B7 /* User.swift */; };
		713594B1B2502C2B064EAB3E /* Pods_Bronco_BooksTests.framework in Frameworks */ = {isa = PBXBuildFile; fileRef = D3AE5DEF15087CE9DCC60E23 /* Pods_Bronco_BooksTests.framework */; };
/* End PBXBuildFile section */

/* Begin PBXContainerItemProxy section */
		6558CD2A21FA6AB400AF2ABF /* PBXContainerItemProxy */ = {
			isa = PBXContainerItemProxy;
			containerPortal = 6558CD0A21FA6AB300AF2ABF /* Project object */;
			proxyType = 1;
			remoteGlobalIDString = 6558CD1121FA6AB300AF2ABF;
			remoteInfo = "Bronco Books";
		};
		6558CD3521FA6AB400AF2ABF /* PBXContainerItemProxy */ = {
			isa = PBXContainerItemProxy;
			containerPortal = 6558CD0A21FA6AB300AF2ABF /* Project object */;
			proxyType = 1;
			remoteGlobalIDString = 6558CD1121FA6AB300AF2ABF;
			remoteInfo = "Bronco Books";
		};
/* End PBXContainerItemProxy section */

/* Begin PBXFileReference section */
		28EDC7B2538FB75816F2FF5D /* Pods_Bronco_Books.framework */ = {isa = PBXFileReference; explicitFileType = wrapper.framework; includeInIndex = 0; path = Pods_Bronco_Books.framework; sourceTree = BUILT_PRODUCTS_DIR; };
		4DC443B7A26F749A68A5361E /* Pods-Bronco BooksUITests.debug.xcconfig */ = {isa = PBXFileReference; includeInIndex = 1; lastKnownFileType = text.xcconfig; name = "Pods-Bronco BooksUITests.debug.xcconfig"; path = "Pods/Target Support Files/Pods-Bronco BooksUITests/Pods-Bronco BooksUITests.debug.xcconfig"; sourceTree = "<group>"; };
		518689A9804DB3C37A3D4417 /* Pods-Bronco BooksTests.release.xcconfig */ = {isa = PBXFileReference; includeInIndex = 1; lastKnownFileType = text.xcconfig; name = "Pods-Bronco BooksTests.release.xcconfig"; path = "Pods/Target Support Files/Pods-Bronco BooksTests/Pods-Bronco BooksTests.release.xcconfig"; sourceTree = "<group>"; };
		56A4F7151E900E8097544887 /* Pods-Bronco BooksTests.debug.xcconfig */ = {isa = PBXFileReference; includeInIndex = 1; lastKnownFileType = text.xcconfig; name = "Pods-Bronco BooksTests.debug.xcconfig"; path = "Pods/Target Support Files/Pods-Bronco BooksTests/Pods-Bronco BooksTests.debug.xcconfig"; sourceTree = "<group>"; };
		651B773D21FB858700EDC29C /* ProfileViewController.swift */ = {isa = PBXFileReference; lastKnownFileType = sourcecode.swift; path = ProfileViewController.swift; sourceTree = "<group>"; };
		6543DCE821FA8FCA00AC4A9B /* StartSellViewController.swift */ = {isa = PBXFileReference; lastKnownFileType = sourcecode.swift; path = StartSellViewController.swift; sourceTree = "<group>"; };
		6543DCEA21FA90FA00AC4A9B /* SellFieldsViewController.swift */ = {isa = PBXFileReference; lastKnownFileType = sourcecode.swift; path = SellFieldsViewController.swift; sourceTree = "<group>"; };
		65468E212206984A00E32F71 /* Constants.swift */ = {isa = PBXFileReference; lastKnownFileType = sourcecode.swift; path = Constants.swift; sourceTree = "<group>"; };
		6558CD1221FA6AB300AF2ABF /* Bronco Books.app */ = {isa = PBXFileReference; explicitFileType = wrapper.application; includeInIndex = 0; path = "Bronco Books.app"; sourceTree = BUILT_PRODUCTS_DIR; };
		6558CD1521FA6AB300AF2ABF /* AppDelegate.swift */ = {isa = PBXFileReference; lastKnownFileType = sourcecode.swift; path = AppDelegate.swift; sourceTree = "<group>"; };
		6558CD1A21FA6AB300AF2ABF /* Base */ = {isa = PBXFileReference; lastKnownFileType = file.storyboard; name = Base; path = Base.lproj/Main.storyboard; sourceTree = "<group>"; };
		6558CD1D21FA6AB300AF2ABF /* Bronco_Books.xcdatamodel */ = {isa = PBXFileReference; lastKnownFileType = wrapper.xcdatamodel; path = Bronco_Books.xcdatamodel; sourceTree = "<group>"; };
		6558CD1F21FA6AB400AF2ABF /* Assets.xcassets */ = {isa = PBXFileReference; lastKnownFileType = folder.assetcatalog; path = Assets.xcassets; sourceTree = "<group>"; };
		6558CD2221FA6AB400AF2ABF /* Base */ = {isa = PBXFileReference; lastKnownFileType = file.storyboard; name = Base; path = Base.lproj/LaunchScreen.storyboard; sourceTree = "<group>"; };
		6558CD2421FA6AB400AF2ABF /* Info.plist */ = {isa = PBXFileReference; lastKnownFileType = text.plist.xml; path = Info.plist; sourceTree = "<group>"; };
		6558CD2921FA6AB400AF2ABF /* Bronco BooksTests.xctest */ = {isa = PBXFileReference; explicitFileType = wrapper.cfbundle; includeInIndex = 0; path = "Bronco BooksTests.xctest"; sourceTree = BUILT_PRODUCTS_DIR; };
		6558CD2D21FA6AB400AF2ABF /* Bronco_BooksTests.swift */ = {isa = PBXFileReference; lastKnownFileType = sourcecode.swift; path = Bronco_BooksTests.swift; sourceTree = "<group>"; };
		6558CD2F21FA6AB400AF2ABF /* Info.plist */ = {isa = PBXFileReference; lastKnownFileType = text.plist.xml; path = Info.plist; sourceTree = "<group>"; };
		6558CD3421FA6AB400AF2ABF /* Bronco BooksUITests.xctest */ = {isa = PBXFileReference; explicitFileType = wrapper.cfbundle; includeInIndex = 0; path = "Bronco BooksUITests.xctest"; sourceTree = BUILT_PRODUCTS_DIR; };
		6558CD3821FA6AB400AF2ABF /* Bronco_BooksUITests.swift */ = {isa = PBXFileReference; lastKnownFileType = sourcecode.swift; path = Bronco_BooksUITests.swift; sourceTree = "<group>"; };
		6558CD3A21FA6AB400AF2ABF /* Info.plist */ = {isa = PBXFileReference; lastKnownFileType = text.plist.xml; path = Info.plist; sourceTree = "<group>"; };
		6558CD4621FA6BD000AF2ABF /* LoginViewController.swift */ = {isa = PBXFileReference; lastKnownFileType = sourcecode.swift; path = LoginViewController.swift; sourceTree = "<group>"; };
		6558CD4821FA7C9500AF2ABF /* ListingTableViewCell.swift */ = {isa = PBXFileReference; lastKnownFileType = sourcecode.swift; path = ListingTableViewCell.swift; sourceTree = "<group>"; };
		6558CD4A21FA7CAB00AF2ABF /* ListingsViewController.swift */ = {isa = PBXFileReference; lastKnownFileType = sourcecode.swift; path = ListingsViewController.swift; sourceTree = "<group>"; };
		6558CD4C21FA804700AF2ABF /* ListingDetailViewController.swift */ = {isa = PBXFileReference; lastKnownFileType = sourcecode.swift; path = ListingDetailViewController.swift; sourceTree = "<group>"; };
		65789ED72203B47000FDF809 /* GoogleService-Info.plist */ = {isa = PBXFileReference; fileEncoding = 4; lastKnownFileType = text.plist.xml; path = "GoogleService-Info.plist"; sourceTree = "<group>"; };
		65B6CCA92203CA0D005F5616 /* Listing.swift */ = {isa = PBXFileReference; lastKnownFileType = sourcecode.swift; path = Listing.swift; sourceTree = "<group>"; };
		65B6CCAB2203D8E3005F5616 /* Textbook.swift */ = {isa = PBXFileReference; lastKnownFileType = sourcecode.swift; path = Textbook.swift; sourceTree = "<group>"; };
		65D5DBFB2215EECD00DC7444 /* ScanBarcodeViewController.swift */ = {isa = PBXFileReference; lastKnownFileType = sourcecode.swift; path = ScanBarcodeViewController.swift; sourceTree = "<group>"; };
		65D5DBFD2216274200DC7444 /* MLKit.swift */ = {isa = PBXFileReference; lastKnownFileType = sourcecode.swift; path = MLKit.swift; sourceTree = "<group>"; };
		65E67D7622079F5100B751B7 /* User.swift */ = {isa = PBXFileReference; lastKnownFileType = sourcecode.swift; path = User.swift; sourceTree = "<group>"; };
		780F2D5F61896FD36E15AA31 /* Pods-Bronco Books.debug.xcconfig */ = {isa = PBXFileReference; includeInIndex = 1; lastKnownFileType = text.xcconfig; name = "Pods-Bronco Books.debug.xcconfig"; path = "Pods/Target Support Files/Pods-Bronco Books/Pods-Bronco Books.debug.xcconfig"; sourceTree = "<group>"; };
		BDF164324AFE37E7B297D6E5 /* Pods-Bronco BooksUITests.release.xcconfig */ = {isa = PBXFileReference; includeInIndex = 1; lastKnownFileType = text.xcconfig; name = "Pods-Bronco BooksUITests.release.xcconfig"; path = "Pods/Target Support Files/Pods-Bronco BooksUITests/Pods-Bronco BooksUITests.release.xcconfig"; sourceTree = "<group>"; };
		C6E4F9BB09A3ECA9BB2C0ED5 /* Pods-Bronco Books.release.xcconfig */ = {isa = PBXFileReference; includeInIndex = 1; lastKnownFileType = text.xcconfig; name = "Pods-Bronco Books.release.xcconfig"; path = "Pods/Target Support Files/Pods-Bronco Books/Pods-Bronco Books.release.xcconfig"; sourceTree = "<group>"; };
		D3AE5DEF15087CE9DCC60E23 /* Pods_Bronco_BooksTests.framework */ = {isa = PBXFileReference; explicitFileType = wrapper.framework; includeInIndex = 0; path = Pods_Bronco_BooksTests.framework; sourceTree = BUILT_PRODUCTS_DIR; };
		E2502BA2D16184C1202999B2 /* Pods_Bronco_BooksUITests.framework */ = {isa = PBXFileReference; explicitFileType = wrapper.framework; includeInIndex = 0; path = Pods_Bronco_BooksUITests.framework; sourceTree = BUILT_PRODUCTS_DIR; };
/* End PBXFileReference section */

/* Begin PBXFrameworksBuildPhase section */
		6558CD0F21FA6AB300AF2ABF /* Frameworks */ = {
			isa = PBXFrameworksBuildPhase;
			buildActionMask = 2147483647;
			files = (
				2498F8670816638FA3054844 /* Pods_Bronco_Books.framework in Frameworks */,
			);
			runOnlyForDeploymentPostprocessing = 0;
		};
		6558CD2621FA6AB400AF2ABF /* Frameworks */ = {
			isa = PBXFrameworksBuildPhase;
			buildActionMask = 2147483647;
			files = (
				713594B1B2502C2B064EAB3E /* Pods_Bronco_BooksTests.framework in Frameworks */,
			);
			runOnlyForDeploymentPostprocessing = 0;
		};
		6558CD3121FA6AB400AF2ABF /* Frameworks */ = {
			isa = PBXFrameworksBuildPhase;
			buildActionMask = 2147483647;
			files = (
				2AE217FAA8A55588BB0FEA37 /* Pods_Bronco_BooksUITests.framework in Frameworks */,
			);
			runOnlyForDeploymentPostprocessing = 0;
		};
/* End PBXFrameworksBuildPhase section */

/* Begin PBXGroup section */
		6558CD0921FA6AB300AF2ABF = {
			isa = PBXGroup;
			children = (
				6558CD1421FA6AB300AF2ABF /* Bronco Books */,
				6558CD2C21FA6AB400AF2ABF /* Bronco BooksTests */,
				6558CD3721FA6AB400AF2ABF /* Bronco BooksUITests */,
				6558CD1321FA6AB300AF2ABF /* Products */,
				BEAF15161547E7E0E3256DA6 /* Pods */,
				B63773960A82824C9A1F8B06 /* Frameworks */,
			);
			sourceTree = "<group>";
		};
		6558CD1321FA6AB300AF2ABF /* Products */ = {
			isa = PBXGroup;
			children = (
				6558CD1221FA6AB300AF2ABF /* Bronco Books.app */,
				6558CD2921FA6AB400AF2ABF /* Bronco BooksTests.xctest */,
				6558CD3421FA6AB400AF2ABF /* Bronco BooksUITests.xctest */,
			);
			name = Products;
			sourceTree = "<group>";
		};
		6558CD1421FA6AB300AF2ABF /* Bronco Books */ = {
			isa = PBXGroup;
			children = (
				6558CD1521FA6AB300AF2ABF /* AppDelegate.swift */,
				6558CD1921FA6AB300AF2ABF /* Main.storyboard */,
				65C8760921FBCD9500E9BB8F /* Model */,
				65C8760821FBCD8100E9BB8F /* View */,
				65C8760721FBCD6D00E9BB8F /* Controller */,
				6558CD1F21FA6AB400AF2ABF /* Assets.xcassets */,
				6558CD2121FA6AB400AF2ABF /* LaunchScreen.storyboard */,
				65789ED72203B47000FDF809 /* GoogleService-Info.plist */,
				6558CD2421FA6AB400AF2ABF /* Info.plist */,
				6558CD1C21FA6AB300AF2ABF /* Bronco_Books.xcdatamodeld */,
			);
			path = "Bronco Books";
			sourceTree = "<group>";
		};
		6558CD2C21FA6AB400AF2ABF /* Bronco BooksTests */ = {
			isa = PBXGroup;
			children = (
				6558CD2D21FA6AB400AF2ABF /* Bronco_BooksTests.swift */,
				6558CD2F21FA6AB400AF2ABF /* Info.plist */,
			);
			path = "Bronco BooksTests";
			sourceTree = "<group>";
		};
		6558CD3721FA6AB400AF2ABF /* Bronco BooksUITests */ = {
			isa = PBXGroup;
			children = (
				6558CD3821FA6AB400AF2ABF /* Bronco_BooksUITests.swift */,
				6558CD3A21FA6AB400AF2ABF /* Info.plist */,
			);
			path = "Bronco BooksUITests";
			sourceTree = "<group>";
		};
		658F06A62204ADFE0045F8D5 /* Database Objects */ = {
			isa = PBXGroup;
			children = (
				65B6CCA92203CA0D005F5616 /* Listing.swift */,
				65E67D7622079F5100B751B7 /* User.swift */,
				65B6CCAB2203D8E3005F5616 /* Textbook.swift */,
			);
			path = "Database Objects";
			sourceTree = "<group>";
		};
		65C8760721FBCD6D00E9BB8F /* Controller */ = {
			isa = PBXGroup;
			children = (
				6558CD4621FA6BD000AF2ABF /* LoginViewController.swift */,
				6558CD4A21FA7CAB00AF2ABF /* ListingsViewController.swift */,
				6558CD4C21FA804700AF2ABF /* ListingDetailViewController.swift */,
				6543DCE821FA8FCA00AC4A9B /* StartSellViewController.swift */,
				65D5DBFB2215EECD00DC7444 /* ScanBarcodeViewController.swift */,
				6543DCEA21FA90FA00AC4A9B /* SellFieldsViewController.swift */,
				651B773D21FB858700EDC29C /* ProfileViewController.swift */,
			);
			path = Controller;
			sourceTree = "<group>";
		};
		65C8760821FBCD8100E9BB8F /* View */ = {
			isa = PBXGroup;
			children = (
				6558CD4821FA7C9500AF2ABF /* ListingTableViewCell.swift */,
			);
			path = View;
			sourceTree = "<group>";
		};
		65C8760921FBCD9500E9BB8F /* Model */ = {
			isa = PBXGroup;
			children = (
				65468E212206984A00E32F71 /* Constants.swift */,
				65D5DBFD2216274200DC7444 /* MLKit.swift */,
				658F06A62204ADFE0045F8D5 /* Database Objects */,
			);
			path = Model;
			sourceTree = "<group>";
		};
		B63773960A82824C9A1F8B06 /* Frameworks */ = {
			isa = PBXGroup;
			children = (
				28EDC7B2538FB75816F2FF5D /* Pods_Bronco_Books.framework */,
				D3AE5DEF15087CE9DCC60E23 /* Pods_Bronco_BooksTests.framework */,
				E2502BA2D16184C1202999B2 /* Pods_Bronco_BooksUITests.framework */,
			);
			name = Frameworks;
			sourceTree = "<group>";
		};
		BEAF15161547E7E0E3256DA6 /* Pods */ = {
			isa = PBXGroup;
			children = (
				780F2D5F61896FD36E15AA31 /* Pods-Bronco Books.debug.xcconfig */,
				C6E4F9BB09A3ECA9BB2C0ED5 /* Pods-Bronco Books.release.xcconfig */,
				56A4F7151E900E8097544887 /* Pods-Bronco BooksTests.debug.xcconfig */,
				518689A9804DB3C37A3D4417 /* Pods-Bronco BooksTests.release.xcconfig */,
				4DC443B7A26F749A68A5361E /* Pods-Bronco BooksUITests.debug.xcconfig */,
				BDF164324AFE37E7B297D6E5 /* Pods-Bronco BooksUITests.release.xcconfig */,
			);
			name = Pods;
			sourceTree = "<group>";
		};
/* End PBXGroup section */

/* Begin PBXNativeTarget section */
		6558CD1121FA6AB300AF2ABF /* Bronco Books */ = {
			isa = PBXNativeTarget;
			buildConfigurationList = 6558CD3D21FA6AB400AF2ABF /* Build configuration list for PBXNativeTarget "Bronco Books" */;
			buildPhases = (
				96DFABA4B84F6D6512994337 /* [CP] Check Pods Manifest.lock */,
				6558CD0E21FA6AB300AF2ABF /* Sources */,
				6558CD0F21FA6AB300AF2ABF /* Frameworks */,
				6558CD1021FA6AB300AF2ABF /* Resources */,
				641106047F2FBD2FAC39AF46 /* [CP] Embed Pods Frameworks */,
				78FAB86FF4A4FFC30856FE95 /* [CP] Copy Pods Resources */,
			);
			buildRules = (
			);
			dependencies = (
			);
			name = "Bronco Books";
			productName = "Bronco Books";
			productReference = 6558CD1221FA6AB300AF2ABF /* Bronco Books.app */;
			productType = "com.apple.product-type.application";
		};
		6558CD2821FA6AB400AF2ABF /* Bronco BooksTests */ = {
			isa = PBXNativeTarget;
			buildConfigurationList = 6558CD4021FA6AB400AF2ABF /* Build configuration list for PBXNativeTarget "Bronco BooksTests" */;
			buildPhases = (
				334696EBB174EE5BD4A88E3E /* [CP] Check Pods Manifest.lock */,
				6558CD2521FA6AB400AF2ABF /* Sources */,
				6558CD2621FA6AB400AF2ABF /* Frameworks */,
				6558CD2721FA6AB400AF2ABF /* Resources */,
			);
			buildRules = (
			);
			dependencies = (
				6558CD2B21FA6AB400AF2ABF /* PBXTargetDependency */,
			);
			name = "Bronco BooksTests";
			productName = "Bronco BooksTests";
			productReference = 6558CD2921FA6AB400AF2ABF /* Bronco BooksTests.xctest */;
			productType = "com.apple.product-type.bundle.unit-test";
		};
		6558CD3321FA6AB400AF2ABF /* Bronco BooksUITests */ = {
			isa = PBXNativeTarget;
			buildConfigurationList = 6558CD4321FA6AB400AF2ABF /* Build configuration list for PBXNativeTarget "Bronco BooksUITests" */;
			buildPhases = (
				B6E70E22D409C658141B70A6 /* [CP] Check Pods Manifest.lock */,
				6558CD3021FA6AB400AF2ABF /* Sources */,
				6558CD3121FA6AB400AF2ABF /* Frameworks */,
				6558CD3221FA6AB400AF2ABF /* Resources */,
			);
			buildRules = (
			);
			dependencies = (
				6558CD3621FA6AB400AF2ABF /* PBXTargetDependency */,
			);
			name = "Bronco BooksUITests";
			productName = "Bronco BooksUITests";
			productReference = 6558CD3421FA6AB400AF2ABF /* Bronco BooksUITests.xctest */;
			productType = "com.apple.product-type.bundle.ui-testing";
		};
/* End PBXNativeTarget section */

/* Begin PBXProject section */
		6558CD0A21FA6AB300AF2ABF /* Project object */ = {
			isa = PBXProject;
			attributes = {
				LastSwiftUpdateCheck = 1010;
				LastUpgradeCheck = 1010;
				ORGANIZATIONNAME = "Vineet Joshi";
				TargetAttributes = {
					6558CD1121FA6AB300AF2ABF = {
						CreatedOnToolsVersion = 10.1;
					};
					6558CD2821FA6AB400AF2ABF = {
						CreatedOnToolsVersion = 10.1;
						TestTargetID = 6558CD1121FA6AB300AF2ABF;
					};
					6558CD3321FA6AB400AF2ABF = {
						CreatedOnToolsVersion = 10.1;
						TestTargetID = 6558CD1121FA6AB300AF2ABF;
					};
				};
			};
			buildConfigurationList = 6558CD0D21FA6AB300AF2ABF /* Build configuration list for PBXProject "Bronco Books" */;
			compatibilityVersion = "Xcode 9.3";
			developmentRegion = en;
			hasScannedForEncodings = 0;
			knownRegions = (
				en,
				Base,
			);
			mainGroup = 6558CD0921FA6AB300AF2ABF;
			productRefGroup = 6558CD1321FA6AB300AF2ABF /* Products */;
			projectDirPath = "";
			projectRoot = "";
			targets = (
				6558CD1121FA6AB300AF2ABF /* Bronco Books */,
				6558CD2821FA6AB400AF2ABF /* Bronco BooksTests */,
				6558CD3321FA6AB400AF2ABF /* Bronco BooksUITests */,
			);
		};
/* End PBXProject section */

/* Begin PBXResourcesBuildPhase section */
		6558CD1021FA6AB300AF2ABF /* Resources */ = {
			isa = PBXResourcesBuildPhase;
			buildActionMask = 2147483647;
			files = (
				6558CD2321FA6AB400AF2ABF /* LaunchScreen.storyboard in Resources */,
				65789ED82203B47000FDF809 /* GoogleService-Info.plist in Resources */,
				6558CD2021FA6AB400AF2ABF /* Assets.xcassets in Resources */,
				6558CD1B21FA6AB300AF2ABF /* Main.storyboard in Resources */,
			);
			runOnlyForDeploymentPostprocessing = 0;
		};
		6558CD2721FA6AB400AF2ABF /* Resources */ = {
			isa = PBXResourcesBuildPhase;
			buildActionMask = 2147483647;
			files = (
				65789ED92203B47000FDF809 /* GoogleService-Info.plist in Resources */,
			);
			runOnlyForDeploymentPostprocessing = 0;
		};
		6558CD3221FA6AB400AF2ABF /* Resources */ = {
			isa = PBXResourcesBuildPhase;
			buildActionMask = 2147483647;
			files = (
				65789EDA2203B47000FDF809 /* GoogleService-Info.plist in Resources */,
			);
			runOnlyForDeploymentPostprocessing = 0;
		};
/* End PBXResourcesBuildPhase section */

/* Begin PBXShellScriptBuildPhase section */
		334696EBB174EE5BD4A88E3E /* [CP] Check Pods Manifest.lock */ = {
			isa = PBXShellScriptBuildPhase;
			buildActionMask = 2147483647;
			files = (
			);
			inputFileListPaths = (
			);
			inputPaths = (
				"${PODS_PODFILE_DIR_PATH}/Podfile.lock",
				"${PODS_ROOT}/Manifest.lock",
			);
			name = "[CP] Check Pods Manifest.lock";
			outputFileListPaths = (
			);
			outputPaths = (
				"$(DERIVED_FILE_DIR)/Pods-Bronco BooksTests-checkManifestLockResult.txt",
			);
			runOnlyForDeploymentPostprocessing = 0;
			shellPath = /bin/sh;
			shellScript = "diff \"${PODS_PODFILE_DIR_PATH}/Podfile.lock\" \"${PODS_ROOT}/Manifest.lock\" > /dev/null\nif [ $? != 0 ] ; then\n    # print error to STDERR\n    echo \"error: The sandbox is not in sync with the Podfile.lock. Run 'pod install' or update your CocoaPods installation.\" >&2\n    exit 1\nfi\n# This output is used by Xcode 'outputs' to avoid re-running this script phase.\necho \"SUCCESS\" > \"${SCRIPT_OUTPUT_FILE_0}\"\n";
			showEnvVarsInLog = 0;
		};
		641106047F2FBD2FAC39AF46 /* [CP] Embed Pods Frameworks */ = {
			isa = PBXShellScriptBuildPhase;
			buildActionMask = 2147483647;
			files = (
			);
			inputFileListPaths = (
			);
			inputPaths = (
				"${SRCROOT}/Pods/Target Support Files/Pods-Bronco Books/Pods-Bronco Books-frameworks.sh",
				"${BUILT_PRODUCTS_DIR}/GTMSessionFetcher/GTMSessionFetcher.framework",
				"${BUILT_PRODUCTS_DIR}/GoogleAPIClientForREST/GoogleAPIClientForREST.framework",
				"${BUILT_PRODUCTS_DIR}/GoogleToolboxForMac/GoogleToolboxForMac.framework",
				"${BUILT_PRODUCTS_DIR}/GoogleUtilities/GoogleUtilities.framework",
				"${BUILT_PRODUCTS_DIR}/Protobuf/Protobuf.framework",
				"${BUILT_PRODUCTS_DIR}/leveldb-library/leveldb.framework",
				"${BUILT_PRODUCTS_DIR}/nanopb/nanopb.framework",
			);
			name = "[CP] Embed Pods Frameworks";
			outputFileListPaths = (
			);
			outputPaths = (
				"${TARGET_BUILD_DIR}/${FRAMEWORKS_FOLDER_PATH}/GTMSessionFetcher.framework",
				"${TARGET_BUILD_DIR}/${FRAMEWORKS_FOLDER_PATH}/GoogleAPIClientForREST.framework",
				"${TARGET_BUILD_DIR}/${FRAMEWORKS_FOLDER_PATH}/GoogleToolboxForMac.framework",
				"${TARGET_BUILD_DIR}/${FRAMEWORKS_FOLDER_PATH}/GoogleUtilities.framework",
				"${TARGET_BUILD_DIR}/${FRAMEWORKS_FOLDER_PATH}/Protobuf.framework",
				"${TARGET_BUILD_DIR}/${FRAMEWORKS_FOLDER_PATH}/leveldb.framework",
				"${TARGET_BUILD_DIR}/${FRAMEWORKS_FOLDER_PATH}/nanopb.framework",
			);
			runOnlyForDeploymentPostprocessing = 0;
			shellPath = /bin/sh;
			shellScript = "\"${SRCROOT}/Pods/Target Support Files/Pods-Bronco Books/Pods-Bronco Books-frameworks.sh\"\n";
			showEnvVarsInLog = 0;
		};
		78FAB86FF4A4FFC30856FE95 /* [CP] Copy Pods Resources */ = {
			isa = PBXShellScriptBuildPhase;
			buildActionMask = 2147483647;
			files = (
			);
			inputFileListPaths = (
			);
			inputPaths = (
				"${SRCROOT}/Pods/Target Support Files/Pods-Bronco Books/Pods-Bronco Books-resources.sh",
				"${PODS_ROOT}/GoogleSignIn/Resources/GoogleSignIn.bundle",
			);
			name = "[CP] Copy Pods Resources";
			outputFileListPaths = (
			);
			outputPaths = (
				"${TARGET_BUILD_DIR}/${UNLOCALIZED_RESOURCES_FOLDER_PATH}/GoogleSignIn.bundle",
			);
			runOnlyForDeploymentPostprocessing = 0;
			shellPath = /bin/sh;
			shellScript = "\"${SRCROOT}/Pods/Target Support Files/Pods-Bronco Books/Pods-Bronco Books-resources.sh\"\n";
			showEnvVarsInLog = 0;
		};
		96DFABA4B84F6D6512994337 /* [CP] Check Pods Manifest.lock */ = {
			isa = PBXShellScriptBuildPhase;
			buildActionMask = 2147483647;
			files = (
			);
			inputFileListPaths = (
			);
			inputPaths = (
				"${PODS_PODFILE_DIR_PATH}/Podfile.lock",
				"${PODS_ROOT}/Manifest.lock",
			);
			name = "[CP] Check Pods Manifest.lock";
			outputFileListPaths = (
			);
			outputPaths = (
				"$(DERIVED_FILE_DIR)/Pods-Bronco Books-checkManifestLockResult.txt",
			);
			runOnlyForDeploymentPostprocessing = 0;
			shellPath = /bin/sh;
			shellScript = "diff \"${PODS_PODFILE_DIR_PATH}/Podfile.lock\" \"${PODS_ROOT}/Manifest.lock\" > /dev/null\nif [ $? != 0 ] ; then\n    # print error to STDERR\n    echo \"error: The sandbox is not in sync with the Podfile.lock. Run 'pod install' or update your CocoaPods installation.\" >&2\n    exit 1\nfi\n# This output is used by Xcode 'outputs' to avoid re-running this script phase.\necho \"SUCCESS\" > \"${SCRIPT_OUTPUT_FILE_0}\"\n";
			showEnvVarsInLog = 0;
		};
		B6E70E22D409C658141B70A6 /* [CP] Check Pods Manifest.lock */ = {
			isa = PBXShellScriptBuildPhase;
			buildActionMask = 2147483647;
			files = (
			);
			inputFileListPaths = (
			);
			inputPaths = (
				"${PODS_PODFILE_DIR_PATH}/Podfile.lock",
				"${PODS_ROOT}/Manifest.lock",
			);
			name = "[CP] Check Pods Manifest.lock";
			outputFileListPaths = (
			);
			outputPaths = (
				"$(DERIVED_FILE_DIR)/Pods-Bronco BooksUITests-checkManifestLockResult.txt",
			);
			runOnlyForDeploymentPostprocessing = 0;
			shellPath = /bin/sh;
			shellScript = "diff \"${PODS_PODFILE_DIR_PATH}/Podfile.lock\" \"${PODS_ROOT}/Manifest.lock\" > /dev/null\nif [ $? != 0 ] ; then\n    # print error to STDERR\n    echo \"error: The sandbox is not in sync with the Podfile.lock. Run 'pod install' or update your CocoaPods installation.\" >&2\n    exit 1\nfi\n# This output is used by Xcode 'outputs' to avoid re-running this script phase.\necho \"SUCCESS\" > \"${SCRIPT_OUTPUT_FILE_0}\"\n";
			showEnvVarsInLog = 0;
		};
/* End PBXShellScriptBuildPhase section */

/* Begin PBXSourcesBuildPhase section */
		6558CD0E21FA6AB300AF2ABF /* Sources */ = {
			isa = PBXSourcesBuildPhase;
			buildActionMask = 2147483647;
			files = (
				6558CD4D21FA804700AF2ABF /* ListingDetailViewController.swift in Sources */,
				65B6CCAC2203D8E3005F5616 /* Textbook.swift in Sources */,
				65D5DBFC2215EECD00DC7444 /* ScanBarcodeViewController.swift in Sources */,
				6558CD4721FA6BD000AF2ABF /* LoginViewController.swift in Sources */,
				65B6CCAA2203CA0D005F5616 /* Listing.swift in Sources */,
				6558CD1E21FA6AB300AF2ABF /* Bronco_Books.xcdatamodeld in Sources */,
				6558CD4921FA7C9500AF2ABF /* ListingTableViewCell.swift in Sources */,
				6558CD1621FA6AB300AF2ABF /* AppDelegate.swift in Sources */,
				6558CD4B21FA7CAB00AF2ABF /* ListingsViewController.swift in Sources */,
				651B773E21FB858700EDC29C /* ProfileViewController.swift in Sources */,
				65D5DBFE2216274200DC7444 /* MLKit.swift in Sources */,
				65E67D7722079F5100B751B7 /* User.swift in Sources */,
				6543DCE921FA8FCA00AC4A9B /* StartSellViewController.swift in Sources */,
				6543DCEB21FA90FA00AC4A9B /* SellFieldsViewController.swift in Sources */,
				65468E222206984A00E32F71 /* Constants.swift in Sources */,
			);
			runOnlyForDeploymentPostprocessing = 0;
		};
		6558CD2521FA6AB400AF2ABF /* Sources */ = {
			isa = PBXSourcesBuildPhase;
			buildActionMask = 2147483647;
			files = (
				6558CD2E21FA6AB400AF2ABF /* Bronco_BooksTests.swift in Sources */,
			);
			runOnlyForDeploymentPostprocessing = 0;
		};
		6558CD3021FA6AB400AF2ABF /* Sources */ = {
			isa = PBXSourcesBuildPhase;
			buildActionMask = 2147483647;
			files = (
				6558CD3921FA6AB400AF2ABF /* Bronco_BooksUITests.swift in Sources */,
			);
			runOnlyForDeploymentPostprocessing = 0;
		};
/* End PBXSourcesBuildPhase section */

/* Begin PBXTargetDependency section */
		6558CD2B21FA6AB400AF2ABF /* PBXTargetDependency */ = {
			isa = PBXTargetDependency;
			target = 6558CD1121FA6AB300AF2ABF /* Bronco Books */;
			targetProxy = 6558CD2A21FA6AB400AF2ABF /* PBXContainerItemProxy */;
		};
		6558CD3621FA6AB400AF2ABF /* PBXTargetDependency */ = {
			isa = PBXTargetDependency;
			target = 6558CD1121FA6AB300AF2ABF /* Bronco Books */;
			targetProxy = 6558CD3521FA6AB400AF2ABF /* PBXContainerItemProxy */;
		};
/* End PBXTargetDependency section */

/* Begin PBXVariantGroup section */
		6558CD1921FA6AB300AF2ABF /* Main.storyboard */ = {
			isa = PBXVariantGroup;
			children = (
				6558CD1A21FA6AB300AF2ABF /* Base */,
			);
			name = Main.storyboard;
			sourceTree = "<group>";
		};
		6558CD2121FA6AB400AF2ABF /* LaunchScreen.storyboard */ = {
			isa = PBXVariantGroup;
			children = (
				6558CD2221FA6AB400AF2ABF /* Base */,
			);
			name = LaunchScreen.storyboard;
			sourceTree = "<group>";
		};
/* End PBXVariantGroup section */

/* Begin XCBuildConfiguration section */
		6558CD3B21FA6AB400AF2ABF /* Debug */ = {
			isa = XCBuildConfiguration;
			buildSettings = {
				ALWAYS_SEARCH_USER_PATHS = NO;
				CLANG_ANALYZER_NONNULL = YES;
				CLANG_ANALYZER_NUMBER_OBJECT_CONVERSION = YES_AGGRESSIVE;
				CLANG_CXX_LANGUAGE_STANDARD = "gnu++14";
				CLANG_CXX_LIBRARY = "libc++";
				CLANG_ENABLE_MODULES = YES;
				CLANG_ENABLE_OBJC_ARC = YES;
				CLANG_ENABLE_OBJC_WEAK = YES;
				CLANG_WARN_BLOCK_CAPTURE_AUTORELEASING = YES;
				CLANG_WARN_BOOL_CONVERSION = YES;
				CLANG_WARN_COMMA = YES;
				CLANG_WARN_CONSTANT_CONVERSION = YES;
				CLANG_WARN_DEPRECATED_OBJC_IMPLEMENTATIONS = YES;
				CLANG_WARN_DIRECT_OBJC_ISA_USAGE = YES_ERROR;
				CLANG_WARN_DOCUMENTATION_COMMENTS = YES;
				CLANG_WARN_EMPTY_BODY = YES;
				CLANG_WARN_ENUM_CONVERSION = YES;
				CLANG_WARN_INFINITE_RECURSION = YES;
				CLANG_WARN_INT_CONVERSION = YES;
				CLANG_WARN_NON_LITERAL_NULL_CONVERSION = YES;
				CLANG_WARN_OBJC_IMPLICIT_RETAIN_SELF = YES;
				CLANG_WARN_OBJC_LITERAL_CONVERSION = YES;
				CLANG_WARN_OBJC_ROOT_CLASS = YES_ERROR;
				CLANG_WARN_RANGE_LOOP_ANALYSIS = YES;
				CLANG_WARN_STRICT_PROTOTYPES = YES;
				CLANG_WARN_SUSPICIOUS_MOVE = YES;
				CLANG_WARN_UNGUARDED_AVAILABILITY = YES_AGGRESSIVE;
				CLANG_WARN_UNREACHABLE_CODE = YES;
				CLANG_WARN__DUPLICATE_METHOD_MATCH = YES;
				CODE_SIGN_IDENTITY = "iPhone Developer";
				COPY_PHASE_STRIP = NO;
				DEBUG_INFORMATION_FORMAT = dwarf;
				ENABLE_STRICT_OBJC_MSGSEND = YES;
				ENABLE_TESTABILITY = YES;
				GCC_C_LANGUAGE_STANDARD = gnu11;
				GCC_DYNAMIC_NO_PIC = NO;
				GCC_NO_COMMON_BLOCKS = YES;
				GCC_OPTIMIZATION_LEVEL = 0;
				GCC_PREPROCESSOR_DEFINITIONS = (
					"DEBUG=1",
					"$(inherited)",
				);
				GCC_WARN_64_TO_32_BIT_CONVERSION = YES;
				GCC_WARN_ABOUT_RETURN_TYPE = YES_ERROR;
				GCC_WARN_UNDECLARED_SELECTOR = YES;
				GCC_WARN_UNINITIALIZED_AUTOS = YES_AGGRESSIVE;
				GCC_WARN_UNUSED_FUNCTION = YES;
				GCC_WARN_UNUSED_VARIABLE = YES;
				IPHONEOS_DEPLOYMENT_TARGET = 12.1;
				MTL_ENABLE_DEBUG_INFO = INCLUDE_SOURCE;
				MTL_FAST_MATH = YES;
				ONLY_ACTIVE_ARCH = YES;
				SDKROOT = iphoneos;
				SWIFT_ACTIVE_COMPILATION_CONDITIONS = DEBUG;
				SWIFT_OPTIMIZATION_LEVEL = "-Onone";
			};
			name = Debug;
		};
		6558CD3C21FA6AB400AF2ABF /* Release */ = {
			isa = XCBuildConfiguration;
			buildSettings = {
				ALWAYS_SEARCH_USER_PATHS = NO;
				CLANG_ANALYZER_NONNULL = YES;
				CLANG_ANALYZER_NUMBER_OBJECT_CONVERSION = YES_AGGRESSIVE;
				CLANG_CXX_LANGUAGE_STANDARD = "gnu++14";
				CLANG_CXX_LIBRARY = "libc++";
				CLANG_ENABLE_MODULES = YES;
				CLANG_ENABLE_OBJC_ARC = YES;
				CLANG_ENABLE_OBJC_WEAK = YES;
				CLANG_WARN_BLOCK_CAPTURE_AUTORELEASING = YES;
				CLANG_WARN_BOOL_CONVERSION = YES;
				CLANG_WARN_COMMA = YES;
				CLANG_WARN_CONSTANT_CONVERSION = YES;
				CLANG_WARN_DEPRECATED_OBJC_IMPLEMENTATIONS = YES;
				CLANG_WARN_DIRECT_OBJC_ISA_USAGE = YES_ERROR;
				CLANG_WARN_DOCUMENTATION_COMMENTS = YES;
				CLANG_WARN_EMPTY_BODY = YES;
				CLANG_WARN_ENUM_CONVERSION = YES;
				CLANG_WARN_INFINITE_RECURSION = YES;
				CLANG_WARN_INT_CONVERSION = YES;
				CLANG_WARN_NON_LITERAL_NULL_CONVERSION = YES;
				CLANG_WARN_OBJC_IMPLICIT_RETAIN_SELF = YES;
				CLANG_WARN_OBJC_LITERAL_CONVERSION = YES;
				CLANG_WARN_OBJC_ROOT_CLASS = YES_ERROR;
				CLANG_WARN_RANGE_LOOP_ANALYSIS = YES;
				CLANG_WARN_STRICT_PROTOTYPES = YES;
				CLANG_WARN_SUSPICIOUS_MOVE = YES;
				CLANG_WARN_UNGUARDED_AVAILABILITY = YES_AGGRESSIVE;
				CLANG_WARN_UNREACHABLE_CODE = YES;
				CLANG_WARN__DUPLICATE_METHOD_MATCH = YES;
				CODE_SIGN_IDENTITY = "iPhone Developer";
				COPY_PHASE_STRIP = NO;
				DEBUG_INFORMATION_FORMAT = "dwarf-with-dsym";
				ENABLE_NS_ASSERTIONS = NO;
				ENABLE_STRICT_OBJC_MSGSEND = YES;
				GCC_C_LANGUAGE_STANDARD = gnu11;
				GCC_NO_COMMON_BLOCKS = YES;
				GCC_WARN_64_TO_32_BIT_CONVERSION = YES;
				GCC_WARN_ABOUT_RETURN_TYPE = YES_ERROR;
				GCC_WARN_UNDECLARED_SELECTOR = YES;
				GCC_WARN_UNINITIALIZED_AUTOS = YES_AGGRESSIVE;
				GCC_WARN_UNUSED_FUNCTION = YES;
				GCC_WARN_UNUSED_VARIABLE = YES;
				IPHONEOS_DEPLOYMENT_TARGET = 12.1;
				MTL_ENABLE_DEBUG_INFO = NO;
				MTL_FAST_MATH = YES;
				SDKROOT = iphoneos;
				SWIFT_COMPILATION_MODE = wholemodule;
				SWIFT_OPTIMIZATION_LEVEL = "-O";
				VALIDATE_PRODUCT = YES;
			};
			name = Release;
		};
		6558CD3E21FA6AB400AF2ABF /* Debug */ = {
			isa = XCBuildConfiguration;
			baseConfigurationReference = 780F2D5F61896FD36E15AA31 /* Pods-Bronco Books.debug.xcconfig */;
			buildSettings = {
				ASSETCATALOG_COMPILER_APPICON_NAME = AppIcon;
				CODE_SIGN_STYLE = Automatic;
				DEVELOPMENT_TEAM = C9R438Z887;
				INFOPLIST_FILE = "Bronco Books/Info.plist";
				IPHONEOS_DEPLOYMENT_TARGET = 10.3;
				LD_RUNPATH_SEARCH_PATHS = (
					"$(inherited)",
					"@executable_path/Frameworks",
				);
				PRODUCT_BUNDLE_IDENTIFIER = "vineet0713.Bronco-Books";
				PRODUCT_NAME = "$(TARGET_NAME)";
				SWIFT_VERSION = 4.2;
				TARGETED_DEVICE_FAMILY = "1,2";
			};
			name = Debug;
		};
		6558CD3F21FA6AB400AF2ABF /* Release */ = {
			isa = XCBuildConfiguration;
			baseConfigurationReference = C6E4F9BB09A3ECA9BB2C0ED5 /* Pods-Bronco Books.release.xcconfig */;
			buildSettings = {
				ASSETCATALOG_COMPILER_APPICON_NAME = AppIcon;
				CODE_SIGN_STYLE = Automatic;
				DEVELOPMENT_TEAM = C9R438Z887;
				INFOPLIST_FILE = "Bronco Books/Info.plist";
				IPHONEOS_DEPLOYMENT_TARGET = 10.3;
				LD_RUNPATH_SEARCH_PATHS = (
					"$(inherited)",
					"@executable_path/Frameworks",
				);
				PRODUCT_BUNDLE_IDENTIFIER = "vineet0713.Bronco-Books";
				PRODUCT_NAME = "$(TARGET_NAME)";
				SWIFT_VERSION = 4.2;
				TARGETED_DEVICE_FAMILY = "1,2";
			};
			name = Release;
		};
		6558CD4121FA6AB400AF2ABF /* Debug */ = {
			isa = XCBuildConfiguration;
			baseConfigurationReference = 56A4F7151E900E8097544887 /* Pods-Bronco BooksTests.debug.xcconfig */;
			buildSettings = {
				ALWAYS_EMBED_SWIFT_STANDARD_LIBRARIES = YES;
				BUNDLE_LOADER = "$(TEST_HOST)";
				CODE_SIGN_STYLE = Automatic;
				DEVELOPMENT_TEAM = C9R438Z887;
				INFOPLIST_FILE = "Bronco BooksTests/Info.plist";
				LD_RUNPATH_SEARCH_PATHS = (
					"$(inherited)",
					"@executable_path/Frameworks",
					"@loader_path/Frameworks",
				);
				PRODUCT_BUNDLE_IDENTIFIER = "vineet0713.Bronco-BooksTests";
				PRODUCT_NAME = "$(TARGET_NAME)";
				SWIFT_VERSION = 4.2;
				TARGETED_DEVICE_FAMILY = "1,2";
				TEST_HOST = "$(BUILT_PRODUCTS_DIR)/Bronco Books.app/Bronco Books";
			};
			name = Debug;
		};
		6558CD4221FA6AB400AF2ABF /* Release */ = {
			isa = XCBuildConfiguration;
			baseConfigurationReference = 518689A9804DB3C37A3D4417 /* Pods-Bronco BooksTests.release.xcconfig */;
			buildSettings = {
				ALWAYS_EMBED_SWIFT_STANDARD_LIBRARIES = YES;
				BUNDLE_LOADER = "$(TEST_HOST)";
				CODE_SIGN_STYLE = Automatic;
				DEVELOPMENT_TEAM = C9R438Z887;
				INFOPLIST_FILE = "Bronco BooksTests/Info.plist";
				LD_RUNPATH_SEARCH_PATHS = (
					"$(inherited)",
					"@executable_path/Frameworks",
					"@loader_path/Frameworks",
				);
				PRODUCT_BUNDLE_IDENTIFIER = "vineet0713.Bronco-BooksTests";
				PRODUCT_NAME = "$(TARGET_NAME)";
				SWIFT_VERSION = 4.2;
				TARGETED_DEVICE_FAMILY = "1,2";
				TEST_HOST = "$(BUILT_PRODUCTS_DIR)/Bronco Books.app/Bronco Books";
			};
			name = Release;
		};
		6558CD4421FA6AB400AF2ABF /* Debug */ = {
			isa = XCBuildConfiguration;
			baseConfigurationReference = 4DC443B7A26F749A68A5361E /* Pods-Bronco BooksUITests.debug.xcconfig */;
			buildSettings = {
				ALWAYS_EMBED_SWIFT_STANDARD_LIBRARIES = YES;
				CODE_SIGN_STYLE = Automatic;
				DEVELOPMENT_TEAM = C9R438Z887;
				INFOPLIST_FILE = "Bronco BooksUITests/Info.plist";
				LD_RUNPATH_SEARCH_PATHS = (
					"$(inherited)",
					"@executable_path/Frameworks",
					"@loader_path/Frameworks",
				);
				PRODUCT_BUNDLE_IDENTIFIER = "vineet0713.Bronco-BooksUITests";
				PRODUCT_NAME = "$(TARGET_NAME)";
				SWIFT_VERSION = 4.2;
				TARGETED_DEVICE_FAMILY = "1,2";
				TEST_TARGET_NAME = "Bronco Books";
			};
			name = Debug;
		};
		6558CD4521FA6AB400AF2ABF /* Release */ = {
			isa = XCBuildConfiguration;
			baseConfigurationReference = BDF164324AFE37E7B297D6E5 /* Pods-Bronco BooksUITests.release.xcconfig */;
			buildSettings = {
				ALWAYS_EMBED_SWIFT_STANDARD_LIBRARIES = YES;
				CODE_SIGN_STYLE = Automatic;
				DEVELOPMENT_TEAM = C9R438Z887;
				INFOPLIST_FILE = "Bronco BooksUITests/Info.plist";
				LD_RUNPATH_SEARCH_PATHS = (
					"$(inherited)",
					"@executable_path/Frameworks",
					"@loader_path/Frameworks",
				);
				PRODUCT_BUNDLE_IDENTIFIER = "vineet0713.Bronco-BooksUITests";
				PRODUCT_NAME = "$(TARGET_NAME)";
				SWIFT_VERSION = 4.2;
				TARGETED_DEVICE_FAMILY = "1,2";
				TEST_TARGET_NAME = "Bronco Books";
			};
			name = Release;
		};
/* End XCBuildConfiguration section */

/* Begin XCConfigurationList section */
		6558CD0D21FA6AB300AF2ABF /* Build configuration list for PBXProject "Bronco Books" */ = {
			isa = XCConfigurationList;
			buildConfigurations = (
				6558CD3B21FA6AB400AF2ABF /* Debug */,
				6558CD3C21FA6AB400AF2ABF /* Release */,
			);
			defaultConfigurationIsVisible = 0;
			defaultConfigurationName = Release;
		};
		6558CD3D21FA6AB400AF2ABF /* Build configuration list for PBXNativeTarget "Bronco Books" */ = {
			isa = XCConfigurationList;
			buildConfigurations = (
				6558CD3E21FA6AB400AF2ABF /* Debug */,
				6558CD3F21FA6AB400AF2ABF /* Release */,
			);
			defaultConfigurationIsVisible = 0;
			defaultConfigurationName = Release;
		};
		6558CD4021FA6AB400AF2ABF /* Build configuration list for PBXNativeTarget "Bronco BooksTests" */ = {
			isa = XCConfigurationList;
			buildConfigurations = (
				6558CD4121FA6AB400AF2ABF /* Debug */,
				6558CD4221FA6AB400AF2ABF /* Release */,
			);
			defaultConfigurationIsVisible = 0;
			defaultConfigurationName = Release;
		};
		6558CD4321FA6AB400AF2ABF /* Build configuration list for PBXNativeTarget "Bronco BooksUITests" */ = {
			isa = XCConfigurationList;
			buildConfigurations = (
				6558CD4421FA6AB400AF2ABF /* Debug */,
				6558CD4521FA6AB400AF2ABF /* Release */,
			);
			defaultConfigurationIsVisible = 0;
			defaultConfigurationName = Release;
		};
/* End XCConfigurationList section */

/* Begin XCVersionGroup section */
		6558CD1C21FA6AB300AF2ABF /* Bronco_Books.xcdatamodeld */ = {
			isa = XCVersionGroup;
			children = (
				6558CD1D21FA6AB300AF2ABF /* Bronco_Books.xcdatamodel */,
			);
			currentVersion = 6558CD1D21FA6AB300AF2ABF /* Bronco_Books.xcdatamodel */;
			path = Bronco_Books.xcdatamodeld;
			sourceTree = "<group>";
			versionGroupType = wrapper.xcdatamodel;
		};
/* End XCVersionGroup section */
	};
	rootObject = 6558CD0A21FA6AB300AF2ABF /* Project object */;
}
